
Microsoft Visual Studio Solution File, Format Version 12.00
# Visual Studio Version 17
VisualStudioVersion = 17.6.33829.357
MinimumVisualStudioVersion = 10.0.40219.1
Project("{FAE04EC0-301F-11D3-BF4B-00C04F79EFBC}") = "PageNavigate", "PageNavigate.csproj", "{A74A7329-79C8-449B-8085-F25CC8681E7A}"
EndProject
Global
	GlobalSection(SolutionConfigurationPlatforms) = preSolution
		Debug|Any CPU = Debug|Any CPU
		Release|Any CPU = Release|Any CPU
	EndGlobalSection
	GlobalSection(ProjectConfigurationPlatforms) = postSolution
		{A74A7329-79C8-449B-8085-F25CC8681E7A}.Debug|Any CPU.ActiveCfg = Debug|Any CPU
		{A74A7329-79C8-449B-8085-F25CC8681E7A}.Debug|Any CPU.Build.0 = Debug|Any CPU
		{A74A7329-79C8-449B-8085-F25CC8681E7A}.Release|Any CPU.ActiveCfg = Release|Any CPU
		{A74A7329-79C8-449B-8085-F25CC8681E7A}.Release|Any CPU.Build.0 = Release|Any CPU
	EndGlobalSection
	GlobalSection(SolutionProperties) = preSolution
		HideSolutionNode = FALSE
	EndGlobalSection
	GlobalSection(ExtensibilityGlobals) = postSolution
		SolutionGuid = {E07CFAF9-84D2-4A01-8E34-53B33021A532}
	EndGlobalSection
EndGlobal
